// !$*UTF8*$!
{
	archiveVersion = 1;
	classes = {
	};
	objectVersion = 46;
	objects = {

/* Begin PBXBuildFile section */
		9AFD6CAD1F7797170033C659 /* AppDelegate.swift in Sources */ = {isa = PBXBuildFile; fileRef = 9AFD6CAC1F7797170033C659 /* AppDelegate.swift */; };
		9AFD6CAF1F7797170033C659 /* ViewController.swift in Sources */ = {isa = PBXBuildFile; fileRef = 9AFD6CAE1F7797170033C659 /* ViewController.swift */; };
		9AFD6CB21F7797170033C659 /* Main.storyboard in Resources */ = {isa = PBXBuildFile; fileRef = 9AFD6CB01F7797170033C659 /* Main.storyboard */; };
		9AFD6CB41F7797170033C659 /* Assets.xcassets in Resources */ = {isa = PBXBuildFile; fileRef = 9AFD6CB31F7797170033C659 /* Assets.xcassets */; };
		9AFD6CB71F7797170033C659 /* LaunchScreen.storyboard in Resources */ = {isa = PBXBuildFile; fileRef = 9AFD6CB51F7797170033C659 /* LaunchScreen.storyboard */; };
		9AFD6CC21F7797170033C659 /* FirstKadaiAppTests.swift in Sources */ = {isa = PBXBuildFile; fileRef = 9AFD6CC11F7797170033C659 /* FirstKadaiAppTests.swift */; };
		9AFD6CCD1F7797170033C659 /* FirstKadaiAppUITests.swift in Sources */ = {isa = PBXBuildFile; fileRef = 9AFD6CCC1F7797170033C659 /* FirstKadaiAppUITests.swift */; };
/* End PBXBuildFile section */

/* Begin PBXContainerItemProxy section */
		9AFD6CBE1F7797170033C659 /* PBXContainerItemProxy */ = {
			isa = PBXContainerItemProxy;
			containerPortal = 9AFD6CA11F7797170033C659 /* Project object */;
			proxyType = 1;
			remoteGlobalIDString = 9AFD6CA81F7797170033C659;
			remoteInfo = FirstKadaiApp;
		};
		9AFD6CC91F7797170033C659 /* PBXContainerItemProxy */ = {
			isa = PBXContainerItemProxy;
			containerPortal = 9AFD6CA11F7797170033C659 /* Project object */;
			proxyType = 1;
			remoteGlobalIDString = 9AFD6CA81F7797170033C659;
			remoteInfo = FirstKadaiApp;
		};
/* End PBXContainerItemProxy section */

/* Begin PBXFileReference section */
		9AFD6CA91F7797170033C659 /* FirstKadaiApp.app */ = {isa = PBXFileReference; explicitFileType = wrapper.application; includeInIndex = 0; path = FirstKadaiApp.app; sourceTree = BUILT_PRODUCTS_DIR; };
		9AFD6CAC1F7797170033C659 /* AppDelegate.swift */ = {isa = PBXFileReference; lastKnownFileType = sourcecode.swift; path = AppDelegate.swift; sourceTree = "<group>"; };
		9AFD6CAE1F7797170033C659 /* ViewController.swift */ = {isa = PBXFileReference; lastKnownFileType = sourcecode.swift; path = ViewController.swift; sourceTree = "<group>"; };
		9AFD6CB11F7797170033C659 /* Base */ = {isa = PBXFileReference; lastKnownFileType = file.storyboard; name = Base; path = Base.lproj/Main.storyboard; sourceTree = "<group>"; };
		9AFD6CB31F7797170033C659 /* Assets.xcassets */ = {isa = PBXFileReference; lastKnownFileType = folder.assetcatalog; path = Assets.xcassets; sourceTree = "<group>"; };
		9AFD6CB61F7797170033C659 /* Base */ = {isa = PBXFileReference; lastKnownFileType = file.storyboard; name = Base; path = Base.lproj/LaunchScreen.storyboard; sourceTree = "<group>"; };
		9AFD6CB81F7797170033C659 /* Info.plist */ = {isa = PBXFileReference; lastKnownFileType = text.plist.xml; path = Info.plist; sourceTree = "<group>"; };
		9AFD6CBD1F7797170033C659 /* FirstKadaiAppTests.xctest */ = {isa = PBXFileReference; explicitFileType = wrapper.cfbundle; includeInIndex = 0; path = FirstKadaiAppTests.xctest; sourceTree = BUILT_PRODUCTS_DIR; };
		9AFD6CC11F7797170033C659 /* FirstKadaiAppTests.swift */ = {isa = PBXFileReference; lastKnownFileType = sourcecode.swift; path = FirstKadaiAppTests.swift; sourceTree = "<group>"; };
		9AFD6CC31F7797170033C659 /* Info.plist */ = {isa = PBXFileReference; lastKnownFileType = text.plist.xml; path = Info.plist; sourceTree = "<group>"; };
		9AFD6CC81F7797170033C659 /* FirstKadaiAppUITests.xctest */ = {isa = PBXFileReference; explicitFileType = wrapper.cfbundle; includeInIndex = 0; path = FirstKadaiAppUITests.xctest; sourceTree = BUILT_PRODUCTS_DIR; };
		9AFD6CCC1F7797170033C659 /* FirstKadaiAppUITests.swift */ = {isa = PBXFileReference; lastKnownFileType = sourcecode.swift; path = FirstKadaiAppUITests.swift; sourceTree = "<group>"; };
		9AFD6CCE1F7797170033C659 /* Info.plist */ = {isa = PBXFileReference; lastKnownFileType = text.plist.xml; path = Info.plist; sourceTree = "<group>"; };
/* End PBXFileReference section */

/* Begin PBXFrameworksBuildPhase section */
		9AFD6CA61F7797170033C659 /* Frameworks */ = {
			isa = PBXFrameworksBuildPhase;
			buildActionMask = 2147483647;
			files = (
			);
			runOnlyForDeploymentPostprocessing = 0;
		};
		9AFD6CBA1F7797170033C659 /* Frameworks */ = {
			isa = PBXFrameworksBuildPhase;
			buildActionMask = 2147483647;
			files = (
			);
			runOnlyForDeploymentPostprocessing = 0;
		};
		9AFD6CC51F7797170033C659 /* Frameworks */ = {
			isa = PBXFrameworksBuildPhase;
			buildActionMask = 2147483647;
			files = (
			);
			runOnlyForDeploymentPostprocessing = 0;
		};
/* End PBXFrameworksBuildPhase section */

/* Begin PBXGroup section */
		9AFD6CA01F7797170033C659 = {
			isa = PBXGroup;
			children = (
				9AFD6CAB1F7797170033C659 /* FirstKadaiApp */,
				9AFD6CC01F7797170033C659 /* FirstKadaiAppTests */,
				9AFD6CCB1F7797170033C659 /* FirstKadaiAppUITests */,
				9AFD6CAA1F7797170033C659 /* Products */,
			);
			sourceTree = "<group>";
		};
		9AFD6CAA1F7797170033C659 /* Products */ = {
			isa = PBXGroup;
			children = (
				9AFD6CA91F7797170033C659 /* FirstKadaiApp.app */,
				9AFD6CBD1F7797170033C659 /* FirstKadaiAppTests.xctest */,
				9AFD6CC81F7797170033C659 /* FirstKadaiAppUITests.xctest */,
			);
			name = Products;
			sourceTree = "<group>";
		};
		9AFD6CAB1F7797170033C659 /* FirstKadaiApp */ = {
			isa = PBXGroup;
			children = (
				9AFD6CAC1F7797170033C659 /* AppDelegate.swift */,
				9AFD6CAE1F7797170033C659 /* ViewController.swift */,
				9AFD6CB01F7797170033C659 /* Main.storyboard */,
				9AFD6CB31F7797170033C659 /* Assets.xcassets */,
				9AFD6CB51F7797170033C659 /* LaunchScreen.storyboard */,
				9AFD6CB81F7797170033C659 /* Info.plist */,
			);
			path = FirstKadaiApp;
			sourceTree = "<group>";
		};
		9AFD6CC01F7797170033C659 /* FirstKadaiAppTests */ = {
			isa = PBXGroup;
			children = (
				9AFD6CC11F7797170033C659 /* FirstKadaiAppTests.swift */,
				9AFD6CC31F7797170033C659 /* Info.plist */,
			);
			path = FirstKadaiAppTests;
			sourceTree = "<group>";
		};
		9AFD6CCB1F7797170033C659 /* FirstKadaiAppUITests */ = {
			isa = PBXGroup;
			children = (
				9AFD6CCC1F7797170033C659 /* FirstKadaiAppUITests.swift */,
				9AFD6CCE1F7797170033C659 /* Info.plist */,
			);
			path = FirstKadaiAppUITests;
			sourceTree = "<group>";
		};
/* End PBXGroup section */

/* Begin PBXNativeTarget section */
		9AFD6CA81F7797170033C659 /* FirstKadaiApp */ = {
			isa = PBXNativeTarget;
			buildConfigurationList = 9AFD6CD11F7797170033C659 /* Build configuration list for PBXNativeTarget "FirstKadaiApp" */;
			buildPhases = (
				9AFD6CA51F7797170033C659 /* Sources */,
				9AFD6CA61F7797170033C659 /* Frameworks */,
				9AFD6CA71F7797170033C659 /* Resources */,
			);
			buildRules = (
			);
			dependencies = (
			);
			name = FirstKadaiApp;
			productName = FirstKadaiApp;
			productReference = 9AFD6CA91F7797170033C659 /* FirstKadaiApp.app */;
			productType = "com.apple.product-type.application";
		};
		9AFD6CBC1F7797170033C659 /* FirstKadaiAppTests */ = {
			isa = PBXNativeTarget;
			buildConfigurationList = 9AFD6CD41F7797170033C659 /* Build configuration list for PBXNativeTarget "FirstKadaiAppTests" */;
			buildPhases = (
				9AFD6CB91F7797170033C659 /* Sources */,
				9AFD6CBA1F7797170033C659 /* Frameworks */,
				9AFD6CBB1F7797170033C659 /* Resources */,
			);
			buildRules = (
			);
			dependencies = (
				9AFD6CBF1F7797170033C659 /* PBXTargetDependency */,
			);
			name = FirstKadaiAppTests;
			productName = FirstKadaiAppTests;
			productReference = 9AFD6CBD1F7797170033C659 /* FirstKadaiAppTests.xctest */;
			productType = "com.apple.product-type.bundle.unit-test";
		};
		9AFD6CC71F7797170033C659 /* FirstKadaiAppUITests */ = {
			isa = PBXNativeTarget;
			buildConfigurationList = 9AFD6CD71F7797170033C659 /* Build configuration list for PBXNativeTarget "FirstKadaiAppUITests" */;
			buildPhases = (
				9AFD6CC41F7797170033C659 /* Sources */,
				9AFD6CC51F7797170033C659 /* Frameworks */,
				9AFD6CC61F7797170033C659 /* Resources */,
			);
			buildRules = (
			);
			dependencies = (
				9AFD6CCA1F7797170033C659 /* PBXTargetDependency */,
			);
			name = FirstKadaiAppUITests;
			productName = FirstKadaiAppUITests;
			productReference = 9AFD6CC81F7797170033C659 /* FirstKadaiAppUITests.xctest */;
			productType = "com.apple.product-type.bundle.ui-testing";
		};
/* End PBXNativeTarget section */

/* Begin PBXProject section */
		9AFD6CA11F7797170033C659 /* Project object */ = {
			isa = PBXProject;
			attributes = {
				LastSwiftUpdateCheck = 0830;
				LastUpgradeCheck = 0830;
				ORGANIZATIONNAME = "yukichi-github";
				TargetAttributes = {
					9AFD6CA81F7797170033C659 = {
						CreatedOnToolsVersion = 8.3.3;
						ProvisioningStyle = Automatic;
					};
					9AFD6CBC1F7797170033C659 = {
						CreatedOnToolsVersion = 8.3.3;
						ProvisioningStyle = Automatic;
						TestTargetID = 9AFD6CA81F7797170033C659;
					};
					9AFD6CC71F7797170033C659 = {
						CreatedOnToolsVersion = 8.3.3;
						ProvisioningStyle = Automatic;
						TestTargetID = 9AFD6CA81F7797170033C659;
					};
				};
			};
			buildConfigurationList = 9AFD6CA41F7797170033C659 /* Build configuration list for PBXProject "FirstKadaiApp" */;
			compatibilityVersion = "Xcode 3.2";
			developmentRegion = English;
			hasScannedForEncodings = 0;
			knownRegions = (
				en,
				Base,
			);
			mainGroup = 9AFD6CA01F7797170033C659;
			productRefGroup = 9AFD6CAA1F7797170033C659 /* Products */;
			projectDirPath = "";
			projectRoot = "";
			targets = (
				9AFD6CA81F7797170033C659 /* FirstKadaiApp */,
				9AFD6CBC1F7797170033C659 /* FirstKadaiAppTests */,
				9AFD6CC71F7797170033C659 /* FirstKadaiAppUITests */,
			);
		};
/* End PBXProject section */

/* Begin PBXResourcesBuildPhase section */
		9AFD6CA71F7797170033C659 /* Resources */ = {
			isa = PBXResourcesBuildPhase;
			buildActionMask = 2147483647;
			files = (
				9AFD6CB71F7797170033C659 /* LaunchScreen.storyboard in Resources */,
				9AFD6CB41F7797170033C659 /* Assets.xcassets in Resources */,
				9AFD6CB21F7797170033C659 /* Main.storyboard in Resources */,
			);
			runOnlyForDeploymentPostprocessing = 0;
		};
		9AFD6CBB1F7797170033C659 /* Resources */ = {
			isa = PBXResourcesBuildPhase;
			buildActionMask = 2147483647;
			files = (
			);
			runOnlyForDeploymentPostprocessing = 0;
		};
		9AFD6CC61F7797170033C659 /* Resources */ = {
			isa = PBXResourcesBuildPhase;
			buildActionMask = 2147483647;
			files = (
			);
			runOnlyForDeploymentPostprocessing = 0;
		};
/* End PBXResourcesBuildPhase section */

/* Begin PBXSourcesBuildPhase section */
		9AFD6CA51F7797170033C659 /* Sources */ = {
			isa = PBXSourcesBuildPhase;
			buildActionMask = 2147483647;
			files = (
				9AFD6CAF1F7797170033C659 /* ViewController.swift in Sources */,
				9AFD6CAD1F7797170033C659 /* AppDelegate.swift in Sources */,
			);
			runOnlyForDeploymentPostprocessing = 0;
		};
		9AFD6CB91F7797170033C659 /* Sources */ = {
			isa = PBXSourcesBuildPhase;
			buildActionMask = 2147483647;
			files = (
				9AFD6CC21F7797170033C659 /* FirstKadaiAppTests.swift in Sources */,
			);
			runOnlyForDeploymentPostprocessing = 0;
		};
		9AFD6CC41F7797170033C659 /* Sources */ = {
			isa = PBXSourcesBuildPhase;
			buildActionMask = 2147483647;
			files = (
				9AFD6CCD1F7797170033C659 /* FirstKadaiAppUITests.swift in Sources */,
			);
			runOnlyForDeploymentPostprocessing = 0;
		};
/* End PBXSourcesBuildPhase section */

/* Begin PBXTargetDependency section */
		9AFD6CBF1F7797170033C659 /* PBXTargetDependency */ = {
			isa = PBXTargetDependency;
			target = 9AFD6CA81F7797170033C659 /* FirstKadaiApp */;
			targetProxy = 9AFD6CBE1F7797170033C659 /* PBXContainerItemProxy */;
		};
		9AFD6CCA1F7797170033C659 /* PBXTargetDependency */ = {
			isa = PBXTargetDependency;
			target = 9AFD6CA81F7797170033C659 /* FirstKadaiApp */;
			targetProxy = 9AFD6CC91F7797170033C659 /* PBXContainerItemProxy */;
		};
/* End PBXTargetDependency section */

/* Begin PBXVariantGroup section */
		9AFD6CB01F7797170033C659 /* Main.storyboard */ = {
			isa = PBXVariantGroup;
			children = (
				9AFD6CB11F7797170033C659 /* Base */,
			);
			name = Main.storyboard;
			sourceTree = "<group>";
		};
		9AFD6CB51F7797170033C659 /* LaunchScreen.storyboard */ = {
			isa = PBXVariantGroup;
			children = (
				9AFD6CB61F7797170033C659 /* Base */,
			);
			name = LaunchScreen.storyboard;
			sourceTree = "<group>";
		};
/* End PBXVariantGroup section */

/* Begin XCBuildConfiguration section */
		9AFD6CCF1F7797170033C659 /* Debug */ = {
			isa = XCBuildConfiguration;
			buildSettings = {
				ALWAYS_SEARCH_USER_PATHS = NO;
				CLANG_ANALYZER_NONNULL = YES;
				CLANG_ANALYZER_NUMBER_OBJECT_CONVERSION = YES_AGGRESSIVE;
				CLANG_CXX_LANGUAGE_STANDARD = "gnu++0x";
				CLANG_CXX_LIBRARY = "libc++";
				CLANG_ENABLE_MODULES = YES;
				CLANG_ENABLE_OBJC_ARC = YES;
				CLANG_WARN_BOOL_CONVERSION = YES;
				CLANG_WARN_CONSTANT_CONVERSION = YES;
				CLANG_WARN_DIRECT_OBJC_ISA_USAGE = YES_ERROR;
				CLANG_WARN_DOCUMENTATION_COMMENTS = YES;
				CLANG_WARN_EMPTY_BODY = YES;
				CLANG_WARN_ENUM_CONVERSION = YES;
				CLANG_WARN_INFINITE_RECURSION = YES;
				CLANG_WARN_INT_CONVERSION = YES;
				CLANG_WARN_OBJC_ROOT_CLASS = YES_ERROR;
				CLANG_WARN_SUSPICIOUS_MOVE = YES;
				CLANG_WARN_UNREACHABLE_CODE = YES;
				CLANG_WARN__DUPLICATE_METHOD_MATCH = YES;
				"CODE_SIGN_IDENTITY[sdk=iphoneos*]" = "iPhone Developer";
				COPY_PHASE_STRIP = NO;
				DEBUG_INFORMATION_FORMAT = dwarf;
				ENABLE_STRICT_OBJC_MSGSEND = YES;
				ENABLE_TESTABILITY = YES;
				GCC_C_LANGUAGE_STANDARD = gnu99;
				GCC_DYNAMIC_NO_PIC = NO;
				GCC_NO_COMMON_BLOCKS = YES;
				GCC_OPTIMIZATION_LEVEL = 0;
				GCC_PREPROCESSOR_DEFINITIONS = (
					"DEBUG=1",
					"$(inherited)",
				);
				GCC_WARN_64_TO_32_BIT_CONVERSION = YES;
				GCC_WARN_ABOUT_RETURN_TYPE = YES_ERROR;
				GCC_WARN_UNDECLARED_SELECTOR = YES;
				GCC_WARN_UNINITIALIZED_AUTOS = YES_AGGRESSIVE;
				GCC_WARN_UNUSED_FUNCTION = YES;
				GCC_WARN_UNUSED_VARIABLE = YES;
				IPHONEOS_DEPLOYMENT_TARGET = 10.3;
				MTL_ENABLE_DEBUG_INFO = YES;
				ONLY_ACTIVE_ARCH = YES;
				SDKROOT = iphoneos;
				SWIFT_ACTIVE_COMPILATION_CONDITIONS = DEBUG;
				SWIFT_OPTIMIZATION_LEVEL = "-Onone";
				TARGETED_DEVICE_FAMILY = "1,2";
			};
			name = Debug;
		};
		9AFD6CD01F7797170033C659 /* Release */ = {
			isa = XCBuildConfiguration;
			buildSettings = {
				ALWAYS_SEARCH_USER_PATHS = NO;
				CLANG_ANALYZER_NONNULL = YES;
				CLANG_ANALYZER_NUMBER_OBJECT_CONVERSION = YES_AGGRESSIVE;
				CLANG_CXX_LANGUAGE_STANDARD = "gnu++0x";
				CLANG_CXX_LIBRARY = "libc++";
				CLANG_ENABLE_MODULES = YES;
				CLANG_ENABLE_OBJC_ARC = YES;
				CLANG_WARN_BOOL_CONVERSION = YES;
				CLANG_WARN_CONSTANT_CONVERSION = YES;
				CLANG_WARN_DIRECT_OBJC_ISA_USAGE = YES_ERROR;
				CLANG_WARN_DOCUMENTATION_COMMENTS = YES;
				CLANG_WARN_EMPTY_BODY = YES;
				CLANG_WARN_ENUM_CONVERSION = YES;
				CLANG_WARN_INFINITE_RECURSION = YES;
				CLANG_WARN_INT_CONVERSION = YES;
				CLANG_WARN_OBJC_ROOT_CLASS = YES_ERROR;
				CLANG_WARN_SUSPICIOUS_MOVE = YES;
				CLANG_WARN_UNREACHABLE_CODE = YES;
				CLANG_WARN__DUPLICATE_METHOD_MATCH = YES;
				"CODE_SIGN_IDENTITY[sdk=iphoneos*]" = "iPhone Developer";
				COPY_PHASE_STRIP = NO;
				DEBUG_INFORMATION_FORMAT = "dwarf-with-dsym";
				ENABLE_NS_ASSERTIONS = NO;
				ENABLE_STRICT_OBJC_MSGSEND = YES;
				GCC_C_LANGUAGE_STANDARD = gnu99;
				GCC_NO_COMMON_BLOCKS = YES;
				GCC_WARN_64_TO_32_BIT_CONVERSION = YES;
				GCC_WARN_ABOUT_RETURN_TYPE = YES_ERROR;
				GCC_WARN_UNDECLARED_SELECTOR = YES;
				GCC_WARN_UNINITIALIZED_AUTOS = YES_AGGRESSIVE;
				GCC_WARN_UNUSED_FUNCTION = YES;
				GCC_WARN_UNUSED_VARIABLE = YES;
				IPHONEOS_DEPLOYMENT_TARGET = 10.3;
				MTL_ENABLE_DEBUG_INFO = NO;
				SDKROOT = iphoneos;
				SWIFT_OPTIMIZATION_LEVEL = "-Owholemodule";
				TARGETED_DEVICE_FAMILY = "1,2";
				VALIDATE_PRODUCT = YES;
			};
			name = Release;
		};
		9AFD6CD21F7797170033C659 /* Debug */ = {
			isa = XCBuildConfiguration;
			buildSettings = {
				ASSETCATALOG_COMPILER_APPICON_NAME = AppIcon;
				INFOPLIST_FILE = FirstKadaiApp/Info.plist;
				LD_RUNPATH_SEARCH_PATHS = "$(inherited) @executable_path/Frameworks";
				PRODUCT_BUNDLE_IDENTIFIER = "jp.techacademy.yukichi-github.FirstKadaiApp";
				PRODUCT_NAME = "$(TARGET_NAME)";
				SWIFT_VERSION = 3.0;
			};
			name = Debug;
		};
		9AFD6CD31F7797170033C659 /* Release */ = {
			isa = XCBuildConfiguration;
			buildSettings = {
				ASSETCATALOG_COMPILER_APPICON_NAME = AppIcon;
				INFOPLIST_FILE = FirstKadaiApp/Info.plist;
				LD_RUNPATH_SEARCH_PATHS = "$(inherited) @executable_path/Frameworks";
				PRODUCT_BUNDLE_IDENTIFIER = "jp.techacademy.yukichi-github.FirstKadaiApp";
				PRODUCT_NAME = "$(TARGET_NAME)";
				SWIFT_VERSION = 3.0;
			};
			name = Release;
		};
		9AFD6CD51F7797170033C659 /* Debug */ = {
			isa = XCBuildConfiguration;
			buildSettings = {
				ALWAYS_EMBED_SWIFT_STANDARD_LIBRARIES = YES;
				BUNDLE_LOADER = "$(TEST_HOST)";
				INFOPLIST_FILE = FirstKadaiAppTests/Info.plist;
				LD_RUNPATH_SEARCH_PATHS = "$(inherited) @executable_path/Frameworks @loader_path/Frameworks";
				PRODUCT_BUNDLE_IDENTIFIER = "jp.techacademy.yukichi-github.FirstKadaiAppTests";
				PRODUCT_NAME = "$(TARGET_NAME)";
				SWIFT_VERSION = 3.0;
				TEST_HOST = "$(BUILT_PRODUCTS_DIR)/FirstKadaiApp.app/FirstKadaiApp";
			};
			name = Debug;
		};
		9AFD6CD61F7797170033C659 /* Release */ = {
			isa = XCBuildConfiguration;
			buildSettings = {
				ALWAYS_EMBED_SWIFT_STANDARD_LIBRARIES = YES;
				BUNDLE_LOADER = "$(TEST_HOST)";
				INFOPLIST_FILE = FirstKadaiAppTests/Info.plist;
				LD_RUNPATH_SEARCH_PATHS = "$(inherited) @executable_path/Frameworks @loader_path/Frameworks";
				PRODUCT_BUNDLE_IDENTIFIER = "jp.techacademy.yukichi-github.FirstKadaiAppTests";
				PRODUCT_NAME = "$(TARGET_NAME)";
				SWIFT_VERSION = 3.0;
				TEST_HOST = "$(BUILT_PRODUCTS_DIR)/FirstKadaiApp.app/FirstKadaiApp";
			};
			name = Release;
		};
		9AFD6CD81F7797170033C659 /* Debug */ = {
			isa = XCBuildConfiguration;
			buildSettings = {
				ALWAYS_EMBED_SWIFT_STANDARD_LIBRARIES = YES;
				INFOPLIST_FILE = FirstKadaiAppUITests/Info.plist;
				LD_RUNPATH_SEARCH_PATHS = "$(inherited) @executable_path/Frameworks @loader_path/Frameworks";
				PRODUCT_BUNDLE_IDENTIFIER = "jp.techacademy.yukichi-github.FirstKadaiAppUITests";
				PRODUCT_NAME = "$(TARGET_NAME)";
				SWIFT_VERSION = 3.0;
				TEST_TARGET_NAME = FirstKadaiApp;
			};
			name = Debug;
		};
		9AFD6CD91F7797170033C659 /* Release */ = {
			isa = XCBuildConfiguration;
			buildSettings = {
				ALWAYS_EMBED_SWIFT_STANDARD_LIBRARIES = YES;
				INFOPLIST_FILE = FirstKadaiAppUITests/Info.plist;
				LD_RUNPATH_SEARCH_PATHS = "$(inherited) @executable_path/Frameworks @loader_path/Frameworks";
				PRODUCT_BUNDLE_IDENTIFIER = "jp.techacademy.yukichi-github.FirstKadaiAppUITests";
				PRODUCT_NAME = "$(TARGET_NAME)";
				SWIFT_VERSION = 3.0;
				TEST_TARGET_NAME = FirstKadaiApp;
			};
			name = Release;
		};
/* End XCBuildConfiguration section */

/* Begin XCConfigurationList section */
		9AFD6CA41F7797170033C659 /* Build configuration list for PBXProject "FirstKadaiApp" */ = {
			isa = XCConfigurationList;
			buildConfigurations = (
				9AFD6CCF1F7797170033C659 /* Debug */,
				9AFD6CD01F7797170033C659 /* Release */,
			);
			defaultConfigurationIsVisible = 0;
			defaultConfigurationName = Release;
		};
		9AFD6CD11F7797170033C659 /* Build configuration list for PBXNativeTarget "FirstKadaiApp" */ = {
			isa = XCConfigurationList;
			buildConfigurations = (
				9AFD6CD21F7797170033C659 /* Debug */,
				9AFD6CD31F7797170033C659 /* Release */,
			);
			defaultConfigurationIsVisible = 0;
		};
		9AFD6CD41F7797170033C659 /* Build configuration list for PBXNativeTarget "FirstKadaiAppTests" */ = {
			isa = XCConfigurationList;
			buildConfigurations = (
				9AFD6CD51F7797170033C659 /* Debug */,
				9AFD6CD61F7797170033C659 /* Release */,
			);
			defaultConfigurationIsVisible = 0;
		};
		9AFD6CD71F7797170033C659 /* Build configuration list for PBXNativeTarget "FirstKadaiAppUITests" */ = {
			isa = XCConfigurationList;
			buildConfigurations = (
				9AFD6CD81F7797170033C659 /* Debug */,
				9AFD6CD91F7797170033C659 /* Release */,
			);
			defaultConfigurationIsVisible = 0;
		};
/* End XCConfigurationList section */
	};
	rootObject = 9AFD6CA11F7797170033C659 /* Project object */;
}
